{
  "name": "marked-chessboard",
  "version": "1.0.0",
  "lockfileVersion": 3,
  "requires": true,
  "packages": {
    "": {
      "name": "marked-chessboard",
      "version": "1.0.0",
      "license": "MIT",
      "dependencies": {
        "cm-chessboard": "^8.7.7"
      }
    },
    "node_modules/cm-chessboard": {
      "version": "8.7.7",
      "resolved": "https://registry.npmjs.org/cm-chessboard/-/cm-chessboard-8.7.7.tgz",
      "integrity": "sha512-Wqzhguk07L2IIpbtRBj7UN1sArb4w++1rFneKWjNvPnhdDPW2uQ2B0qoa/gV4Ni/fzoYXJ2GdLTnj7yYk8Cq/Q==",
      "license": "MIT"
    }
  }
}
